
Microsoft Visual Studio Solution File, Format Version 12.00
# Visual Studio Version 16
VisualStudioVersion = 16.0.29503.13
MinimumVisualStudioVersion = 10.0.40219.1
Project("{FAE04EC0-301F-11D3-BF4B-00C04F79EFBC}") = "First_App_In_WPF", "First_App_In_WPF.csproj", "{44D0A177-C85D-4F75-8B62-454BADAC3351}"
EndProject
Global
	GlobalSection(SolutionConfigurationPlatforms) = preSolution
		Debug|Any CPU = Debug|Any CPU
		Release|Any CPU = Release|Any CPU
	EndGlobalSection
	GlobalSection(ProjectConfigurationPlatforms) = postSolution
		{44D0A177-C85D-4F75-8B62-454BADAC3351}.Debug|Any CPU.ActiveCfg = Debug|Any CPU
		{44D0A177-C85D-4F75-8B62-454BADAC3351}.Debug|Any CPU.Build.0 = Debug|Any CPU
		{44D0A177-C85D-4F75-8B62-454BADAC3351}.Release|Any CPU.ActiveCfg = Release|Any CPU
		{44D0A177-C85D-4F75-8B62-454BADAC3351}.Release|Any CPU.Build.0 = Release|Any CPU
	EndGlobalSection
	GlobalSection(SolutionProperties) = preSolution
		HideSolutionNode = FALSE
	EndGlobalSection
	GlobalSection(ExtensibilityGlobals) = postSolution
		SolutionGuid = {FDFCD2B0-EDB3-45CD-8EFC-813479B572FB}
	EndGlobalSection
EndGlobal
